# THIS IS AN AUTOGENERATED FILE. DO NOT EDIT THIS FILE DIRECTLY.
# yarn lockfile v1


minor@^1.2.3:
  version "1.2.3"
  resolved "https://registry.yarnpkg.com/minor/-/minor-1.2.3.tgz#4822901993d8baac56bbbe32c5333217b6f9e4ef"
  integrity sha512-fvD37TbGCGfkYXklofBnfl3OvB9HEBptZp/+J7o6PEdTL97rlAd0Uv+JbQhJ2kwabkSCBKjjCMS9CsUakCfcIw==
